
Microsoft Visual Studio Solution File, Format Version 12.00
# Visual Studio Version 17
VisualStudioVersion = 17.3.32901.215
MinimumVisualStudioVersion = 10.0.40219.1
Project("{8BC9CEB8-8B4A-11D0-8D11-00A0C91BC942}") = "CS-210 Project 3 Corner Grocer", "CS-210 Project 3 Corner Grocer.vcxproj", "{449C2023-22AE-4B54-A978-B06D4F0BD25E}"
EndProject
Global
	GlobalSection(SolutionConfigurationPlatforms) = preSolution
		Debug|x64 = Debug|x64
		Debug|x86 = Debug|x86
		Release|x64 = Release|x64
		Release|x86 = Release|x86
	EndGlobalSection
	GlobalSection(ProjectConfigurationPlatforms) = postSolution
		{449C2023-22AE-4B54-A978-B06D4F0BD25E}.Debug|x64.ActiveCfg = Debug|x64
		{449C2023-22AE-4B54-A978-B06D4F0BD25E}.Debug|x64.Build.0 = Debug|x64
		{449C2023-22AE-4B54-A978-B06D4F0BD25E}.Debug|x86.ActiveCfg = Debug|Win32
		{449C2023-22AE-4B54-A978-B06D4F0BD25E}.Debug|x86.Build.0 = Debug|Win32
		{449C2023-22AE-4B54-A978-B06D4F0BD25E}.Release|x64.ActiveCfg = Release|x64
		{449C2023-22AE-4B54-A978-B06D4F0BD25E}.Release|x64.Build.0 = Release|x64
		{449C2023-22AE-4B54-A978-B06D4F0BD25E}.Release|x86.ActiveCfg = Release|Win32
		{449C2023-22AE-4B54-A978-B06D4F0BD25E}.Release|x86.Build.0 = Release|Win32
	EndGlobalSection
	GlobalSection(SolutionProperties) = preSolution
		HideSolutionNode = FALSE
	EndGlobalSection
	GlobalSection(ExtensibilityGlobals) = postSolution
		SolutionGuid = {6A81DD66-617B-4889-963E-8A4DF04C5145}
	EndGlobalSection
EndGlobal
